schema: '2.0'
stages:
  preprocess:
    cmd: docker exec spark-master /opt/spark/bin/spark-submit /project/src/data_preprocessing.py
    deps:
    - path: data/airline.csv.shuffle
      hash: md5
      md5: c121f633a4e3d9b9382a65260f3fd07c
      size: 12029207752
    - path: data/carriers.csv
      hash: md5
      md5: ec92b5ec37c968e7e5d02096020ef66b
      size: 43758
    - path: src/data_preprocessing.py
      hash: md5
      md5: ddde6d22247c1e065403b0578a27a99f
      size: 3721
    outs:
    - path: data/processed
      hash: md5
      md5: 7d83a19e7efb81343b22b3fd23729ab0.dir
      size: 256048431
      nfiles: 182
  train:
    cmd: docker exec spark-master /opt/spark/bin/spark-submit /project/src/train.py
    deps:
    - path: data/processed
      hash: md5
      md5: 7d83a19e7efb81343b22b3fd23729ab0.dir
      size: 256048431
      nfiles: 182
    - path: src/train.py
      hash: md5
      md5: 58ee249a103299fe185906f76c795471
      size: 1789
    outs:
    - path: data/test
      hash: md5
      md5: 10768c76fae3f349c9aa5b7fe2deb706.dir
      size: 41168797
      nfiles: 20
    - path: models/
      hash: md5
      md5: 60d3e5d38e42805548a95602a2205932.dir
      size: 13951
      nfiles: 40
  evaluate:
    cmd: docker exec spark-master /opt/spark/bin/spark-submit /project/src/evaluate.py
    deps:
    - path: data/test
      hash: md5
      md5: 10768c76fae3f349c9aa5b7fe2deb706.dir
      size: 41168797
      nfiles: 20
    - path: models/
      hash: md5
      md5: 60d3e5d38e42805548a95602a2205932.dir
      size: 13951
      nfiles: 40
    - path: src/evaluate.py
      hash: md5
      md5: 0e33c4a7ff34fa5312c0e22b48bd6091
      size: 1419
    outs:
    - path: metrics.json
      hash: md5
      md5: b425a5ccf7a5301213506e145edc89c5
      size: 49
